{
  "name": "approuter",
  "requires": true,
  "lockfileVersion": 1,
  "dependencies": {
    "@sap/approuter": {
      "version": "2.10.0",
      "resolved": "https://npm.sap.com/@sap/approuter/-/approuter-2.10.0.tgz",
      "integrity": "sha1-IHT7BL3m/BfeTwQKSbomPAQpNl0=",
      "requires": {
        "@sap/audit-logging": "1.0.5",
        "@sap/e2e-trace": "1.1.3",
        "@sap/logging": "3.0.0",
        "@sap/xsenv": "1.2.7",
        "agentkeepalive": "2.0.5",
        "async": "2.0.1",
        "base64-url": "1.2.1",
        "basic-auth": "1.0.3",
        "commander": "2.9.0",
        "compression": "1.6.0",
        "connect": "3.6.2",
        "cookie": "0.2.2",
        "cookie-parser": "1.3.5",
        "cookie-signature": "1.0.6",
        "express-session": "1.15.3",
        "http-proxy-agent": "1.0.0",
        "https-proxy-agent": "1.0.0",
        "jwt-decode": "2.0.1",
        "lodash": "4.17.4",
        "lru-cache": "4.0.0",
        "mustache": "2.2.1",
        "passport": "0.3.2",
        "request": "2.81.0",
        "request-stats": "2.0.1",
        "safe-regex": "1.1.0",
        "scmp": "1.0.0",
        "send": "0.15.3",
        "serve-static": "1.12.3",
        "tough-cookie": "2.3.1",
        "tv4": "1.2.7",
        "uid-safe": "2.0.0",
        "urijs": "1.16.1",
        "verror": "1.10.0",
        "ws": "1.1.4"
      }
    },
    "@sap/audit-logging": {
      "version": "1.0.5",
      "resolved": "https://npm.sap.com/@sap/audit-logging/-/audit-logging-1.0.5.tgz",
      "integrity": "sha1-9b6WIcQh4FmHJakjZXd6UH23AKo=",
      "requires": {
        "moment": "2.15.2",
        "winston": "1.1.2"
      }
    },
    "@sap/e2e-trace": {
      "version": "1.1.3",
      "resolved": "https://npm.sap.com/@sap/e2e-trace/-/e2e-trace-1.1.3.tgz",
      "integrity": "sha1-GUKHK1E0qHgTrPMDYZtg0AhBWg0=",
      "requires": {
        "request-stats": "2.0.1"
      }
    },
    "@sap/logging": {
      "version": "3.0.0",
      "resolved": "https://npm.sap.com/@sap/logging/-/logging-3.0.0.tgz",
      "integrity": "sha1-sgp2QUTFKEIz1U/u3Ltusayfrsk=",
      "requires": {
        "@sap/e2e-trace": "1.1.3",
        "lodash": "4.13.1",
        "moment": "2.15.2",
        "winston": "1.1.2"
      },
      "dependencies": {
        "lodash": {
          "version": "4.13.1",
          "resolved": "http://nexus.wdf.sap.corp:8081/nexus/repository/build.milestones.npm/lodash/-/lodash-4.13.1.tgz",
          "integrity": "sha1-g+SxCRP0hJbU0W/sSlYK8u50S2g="
        }
      }
    },
    "@sap/xsenv": {
      "version": "1.2.7",
      "resolved": "https://npm.sap.com/@sap/xsenv/-/xsenv-1.2.7.tgz",
      "integrity": "sha1-DmkAOC/H4RhxCUXdEXRlyEN6i+M=",
      "requires": {
        "debug": "2.6.7",
        "verror": "1.10.0"
      }
    },
    "accepts": {
      "version": "1.3.4",
      "resolved": "http://nexus.wdf.sap.corp:8081/nexus/repository/build.milestones.npm/accepts/-/accepts-1.3.4.tgz",
      "integrity": "sha1-hiRnWMfdbSGmR0/whKR0DsBesh8=",
      "requires": {
        "mime-types": "2.1.16",
        "negotiator": "0.6.1"
      }
    },
    "agent-base": {
      "version": "2.1.1",
      "resolved": "http://nexus.wdf.sap.corp:8081/nexus/repository/build.milestones.npm/agent-base/-/agent-base-2.1.1.tgz",
      "integrity": "sha1-1t4Q1a9hMtW9aSQn1G/FOFOQlMc=",
      "requires": {
        "extend": "3.0.1",
        "semver": "5.0.3"
      }
    },
    "agentkeepalive": {
      "version": "2.0.5",
      "resolved": "http://nexus.wdf.sap.corp:8081/nexus/repository/build.milestones.npm/agentkeepalive/-/agentkeepalive-2.0.5.tgz",
      "integrity": "sha1-QoNK6INd/5x//K7VP1Zmv4F6onk="
    },
    "ajv": {
      "version": "4.11.8",
      "resolved": "http://nexus.wdf.sap.corp:8081/nexus/repository/build.milestones.npm/ajv/-/ajv-4.11.8.tgz",
      "integrity": "sha1-gv+wKynmYq5TvcIK8VlHcGc5xTY=",
      "requires": {
        "co": "4.6.0",
        "json-stable-stringify": "1.0.1"
      }
    },
    "asn1": {
      "version": "0.2.3",
      "resolved": "http://nexus.wdf.sap.corp:8081/nexus/repository/build.milestones.npm/asn1/-/asn1-0.2.3.tgz",
      "integrity": "sha1-2sh4dxPJlmhJ/IGAd36+nB3fO4Y="
    },
    "assert-plus": {
      "version": "1.0.0",
      "resolved": "http://nexus.wdf.sap.corp:8081/nexus/repository/build.milestones.npm/assert-plus/-/assert-plus-1.0.0.tgz",
      "integrity": "sha1-8S4PPF13sLHN2RRpQuTpbB5N1SU="
    },
    "async": {
      "version": "2.0.1",
      "resolved": "http://nexus.wdf.sap.corp:8081/nexus/repository/build.milestones.npm/async/-/async-2.0.1.tgz",
      "integrity": "sha1-twnMAoCpw28J9FNr6CPIOKkEniU=",
      "requires": {
        "lodash": "4.17.4"
      }
    },
    "asynckit": {
      "version": "0.4.0",
      "resolved": "http://nexus.wdf.sap.corp:8081/nexus/repository/build.milestones.npm/asynckit/-/asynckit-0.4.0.tgz",
      "integrity": "sha1-x57Zf380y48robyXkLzDZkdLS3k="
    },
    "aws-sign2": {
      "version": "0.6.0",
      "resolved": "http://nexus.wdf.sap.corp:8081/nexus/repository/build.milestones.npm/aws-sign2/-/aws-sign2-0.6.0.tgz",
      "integrity": "sha1-FDQt0428yU0OW4fXY81jYSwOeU8="
    },
    "aws4": {
      "version": "1.6.0",
      "resolved": "http://nexus.wdf.sap.corp:8081/nexus/repository/build.milestones.npm/aws4/-/aws4-1.6.0.tgz",
      "integrity": "sha1-g+9cqGCysy5KDe7e6MdxudtXRx4="
    },
    "base64-url": {
      "version": "1.2.1",
      "resolved": "http://nexus.wdf.sap.corp:8081/nexus/repository/build.milestones.npm/base64-url/-/base64-url-1.2.1.tgz",
      "integrity": "sha1-GZ/WYXAqDnt9yubgaYuwicUvbXg="
    },
    "basic-auth": {
      "version": "1.0.3",
      "resolved": "http://nexus.wdf.sap.corp:8081/nexus/repository/build.milestones.npm/basic-auth/-/basic-auth-1.0.3.tgz",
      "integrity": "sha1-QfVVI+WJQFA47jVnlYxipe1wVRo="
    },
    "bcrypt-pbkdf": {
      "version": "1.0.1",
      "resolved": "http://nexus.wdf.sap.corp:8081/nexus/repository/build.milestones.npm/bcrypt-pbkdf/-/bcrypt-pbkdf-1.0.1.tgz",
      "integrity": "sha1-Y7xdy2EzG5K8Bf1SiVPDNGKgb40=",
      "optional": true,
      "requires": {
        "tweetnacl": "0.14.5"
      }
    },
    "boom": {
      "version": "2.10.1",
      "resolved": "http://nexus.wdf.sap.corp:8081/nexus/repository/build.milestones.npm/boom/-/boom-2.10.1.tgz",
      "integrity": "sha1-OciRjO/1eZ+D+UkqhI9iWt0Mdm8=",
      "requires": {
        "hoek": "2.16.3"
      }
    },
    "bytes": {
      "version": "2.1.0",
      "resolved": "http://nexus.wdf.sap.corp:8081/nexus/repository/build.milestones.npm/bytes/-/bytes-2.1.0.tgz",
      "integrity": "sha1-rJPEEOL/ycx89LRks4KJBn9eR7Q="
    },
    "caseless": {
      "version": "0.12.0",
      "resolved": "http://nexus.wdf.sap.corp:8081/nexus/repository/build.milestones.npm/caseless/-/caseless-0.12.0.tgz",
      "integrity": "sha1-G2gcIf+EAzyCZUMJBolCDRhxUdw="
    },
    "co": {
      "version": "4.6.0",
      "resolved": "http://nexus.wdf.sap.corp:8081/nexus/repository/build.milestones.npm/co/-/co-4.6.0.tgz",
      "integrity": "sha1-bqa989hTrlTMuOR7+gvz+QMfsYQ="
    },
    "colors": {
      "version": "1.0.3",
      "resolved": "http://nexus.wdf.sap.corp:8081/nexus/repository/build.milestones.npm/colors/-/colors-1.0.3.tgz",
      "integrity": "sha1-BDP0TYCWgP3rYO0mDxsMJi6CpAs="
    },
    "combined-stream": {
      "version": "1.0.5",
      "resolved": "http://nexus.wdf.sap.corp:8081/nexus/repository/build.milestones.npm/combined-stream/-/combined-stream-1.0.5.tgz",
      "integrity": "sha1-k4NwpXtKUd6ix3wV1cX9+JUWQAk=",
      "requires": {
        "delayed-stream": "1.0.0"
      }
    },
    "commander": {
      "version": "2.9.0",
      "resolved": "http://nexus.wdf.sap.corp:8081/nexus/repository/build.milestones.npm/commander/-/commander-2.9.0.tgz",
      "integrity": "sha1-nJkJQXbhIkDLItbFFGCYQA/g99Q=",
      "requires": {
        "graceful-readlink": "1.0.1"
      }
    },
    "compressible": {
      "version": "2.0.11",
      "resolved": "http://nexus.wdf.sap.corp:8081/nexus/repository/build.milestones.npm/compressible/-/compressible-2.0.11.tgz",
      "integrity": "sha1-FnGKdd4oPtjmBAQWJaIGRYZ5fYo=",
      "requires": {
        "mime-db": "1.29.0"
      }
    },
    "compression": {
      "version": "1.6.0",
      "resolved": "http://nexus.wdf.sap.corp:8081/nexus/repository/build.milestones.npm/compression/-/compression-1.6.0.tgz",
      "integrity": "sha1-iGRl/6Shn5tztBaC23fSgXmzCSA=",
      "requires": {
        "accepts": "1.3.4",
        "bytes": "2.1.0",
        "compressible": "2.0.11",
        "debug": "2.2.0",
        "on-headers": "1.0.1",
        "vary": "1.1.1"
      },
      "dependencies": {
        "debug": {
          "version": "2.2.0",
          "resolved": "http://nexus.wdf.sap.corp:8081/nexus/repository/build.milestones.npm/debug/-/debug-2.2.0.tgz",
          "integrity": "sha1-+HBX6ZWxofauaklgZkE3vFbwOdo=",
          "requires": {
            "ms": "0.7.1"
          }
        },
        "ms": {
          "version": "0.7.1",
          "resolved": "http://nexus.wdf.sap.corp:8081/nexus/repository/build.milestones.npm/ms/-/ms-0.7.1.tgz",
          "integrity": "sha1-nNE8A62/8ltl7/3nzoZO6VIBcJg="
        }
      }
    },
    "connect": {
      "version": "3.6.2",
      "resolved": "http://nexus.wdf.sap.corp:8081/nexus/repository/build.milestones.npm/connect/-/connect-3.6.2.tgz",
      "integrity": "sha1-aU6NIGgb/kkCgsiriGvpjwn0L+c=",
      "requires": {
        "debug": "2.6.7",
        "finalhandler": "1.0.3",
        "parseurl": "1.3.1",
        "utils-merge": "1.0.0"
      }
    },
    "cookie": {
      "version": "0.2.2",
      "resolved": "http://nexus.wdf.sap.corp:8081/nexus/repository/build.milestones.npm/cookie/-/cookie-0.2.2.tgz",
      "integrity": "sha1-V574vJstb36XWha/QWTVcudS5UA="
    },
    "cookie-parser": {
      "version": "1.3.5",
      "resolved": "http://nexus.wdf.sap.corp:8081/nexus/repository/build.milestones.npm/cookie-parser/-/cookie-parser-1.3.5.tgz",
      "integrity": "sha1-nXVVcPtdF4kHcSJ6AjFNm+fPg1Y=",
      "requires": {
        "cookie": "0.1.3",
        "cookie-signature": "1.0.6"
      },
      "dependencies": {
        "cookie": {
          "version": "0.1.3",
          "resolved": "http://nexus.wdf.sap.corp:8081/nexus/repository/build.milestones.npm/cookie/-/cookie-0.1.3.tgz",
          "integrity": "sha1-5zSlwUF/zkctWu+Cw4HKu2TRpDU="
        }
      }
    },
    "cookie-signature": {
      "version": "1.0.6",
      "resolved": "http://nexus.wdf.sap.corp:8081/nexus/repository/build.milestones.npm/cookie-signature/-/cookie-signature-1.0.6.tgz",
      "integrity": "sha1-4wOogrNCzD7oylE6eZmXNNqzriw="
    },
    "core-util-is": {
      "version": "1.0.2",
      "resolved": "http://nexus.wdf.sap.corp:8081/nexus/repository/build.milestones.npm/core-util-is/-/core-util-is-1.0.2.tgz",
      "integrity": "sha1-tf1UIgqivFq1eqtxQMlAdUUDwac="
    },
    "crc": {
      "version": "3.4.4",
      "resolved": "http://nexus.wdf.sap.corp:8081/nexus/repository/build.milestones.npm/crc/-/crc-3.4.4.tgz",
      "integrity": "sha1-naHpgOO9RPxck79as9ozeNheRms="
    },
    "cryptiles": {
      "version": "2.0.5",
      "resolved": "http://nexus.wdf.sap.corp:8081/nexus/repository/build.milestones.npm/cryptiles/-/cryptiles-2.0.5.tgz",
      "integrity": "sha1-O9/s3GCBR8HGcgL6KR59ylnqo7g=",
      "requires": {
        "boom": "2.10.1"
      }
    },
    "cycle": {
      "version": "1.0.3",
      "resolved": "http://nexus.wdf.sap.corp:8081/nexus/repository/build.milestones.npm/cycle/-/cycle-1.0.3.tgz",
      "integrity": "sha1-IegLK+hYD5i0aPN5QwZisEbDStI="
    },
    "dashdash": {
      "version": "1.14.1",
      "resolved": "http://nexus.wdf.sap.corp:8081/nexus/repository/build.milestones.npm/dashdash/-/dashdash-1.14.1.tgz",
      "integrity": "sha1-hTz6D3y+L+1d4gMmuN1YEDX24vA=",
      "requires": {
        "assert-plus": "1.0.0"
      }
    },
    "debug": {
      "version": "2.6.7",
      "resolved": "http://nexus.wdf.sap.corp:8081/nexus/repository/build.milestones.npm/debug/-/debug-2.6.7.tgz",
      "integrity": "sha1-krrR9tBbu2u6Isyoi80OyJTChh4=",
      "requires": {
        "ms": "2.0.0"
      }
    },
    "delayed-stream": {
      "version": "1.0.0",
      "resolved": "http://nexus.wdf.sap.corp:8081/nexus/repository/build.milestones.npm/delayed-stream/-/delayed-stream-1.0.0.tgz",
      "integrity": "sha1-3zrhmayt+31ECqrgsp4icrJOxhk="
    },
    "depd": {
      "version": "1.1.1",
      "resolved": "http://nexus.wdf.sap.corp:8081/nexus/repository/build.milestones.npm/depd/-/depd-1.1.1.tgz",
      "integrity": "sha1-V4O04cRZ8G+lyif5kfPQbnoxA1k="
    },
    "destroy": {
      "version": "1.0.4",
      "resolved": "http://nexus.wdf.sap.corp:8081/nexus/repository/build.milestones.npm/destroy/-/destroy-1.0.4.tgz",
      "integrity": "sha1-l4hXRCxEdJ5CBmE+N5RiBYJqvYA="
    },
    "ecc-jsbn": {
      "version": "0.1.1",
      "resolved": "http://nexus.wdf.sap.corp:8081/nexus/repository/build.milestones.npm/ecc-jsbn/-/ecc-jsbn-0.1.1.tgz",
      "integrity": "sha1-D8c6ntXw1Tw4GTOYUj735UN3dQU=",
      "optional": true,
      "requires": {
        "jsbn": "0.1.1"
      }
    },
    "ee-first": {
      "version": "1.1.1",
      "resolved": "http://nexus.wdf.sap.corp:8081/nexus/repository/build.milestones.npm/ee-first/-/ee-first-1.1.1.tgz",
      "integrity": "sha1-WQxhFWsK4vTwJVcyoViyZrxWsh0="
    },
    "encodeurl": {
      "version": "1.0.1",
      "resolved": "http://nexus.wdf.sap.corp:8081/nexus/repository/build.milestones.npm/encodeurl/-/encodeurl-1.0.1.tgz",
      "integrity": "sha1-eePVhlU0aQn+bw9Fpd5oEDspTSA="
    },
    "escape-html": {
      "version": "1.0.3",
      "resolved": "http://nexus.wdf.sap.corp:8081/nexus/repository/build.milestones.npm/escape-html/-/escape-html-1.0.3.tgz",
      "integrity": "sha1-Aljq5NPQwJdN4cFpGI7wBR0dGYg="
    },
    "etag": {
      "version": "1.8.0",
      "resolved": "http://nexus.wdf.sap.corp:8081/nexus/repository/build.milestones.npm/etag/-/etag-1.8.0.tgz",
      "integrity": "sha1-b2Ma7zNtbEY2K1F2QETOIWvjwFE="
    },
    "express-session": {
      "version": "1.15.3",
      "resolved": "http://nexus.wdf.sap.corp:8081/nexus/repository/build.milestones.npm/express-session/-/express-session-1.15.3.tgz",
      "integrity": "sha1-21RfBDWnsbIorgLagZf2UUFzXGc=",
      "requires": {
        "cookie": "0.3.1",
        "cookie-signature": "1.0.6",
        "crc": "3.4.4",
        "debug": "2.6.7",
        "depd": "1.1.1",
        "on-headers": "1.0.1",
        "parseurl": "1.3.1",
        "uid-safe": "2.1.5",
        "utils-merge": "1.0.0"
      },
      "dependencies": {
        "cookie": {
          "version": "0.3.1",
          "resolved": "http://nexus.wdf.sap.corp:8081/nexus/repository/build.milestones.npm/cookie/-/cookie-0.3.1.tgz",
          "integrity": "sha1-5+Ch+e9DtMi6klxcWpboBtFoc7s="
        },
        "uid-safe": {
          "version": "2.1.5",
          "resolved": "http://nexus.wdf.sap.corp:8081/nexus/repository/build.milestones.npm/uid-safe/-/uid-safe-2.1.5.tgz",
          "integrity": "sha512-KPHm4VL5dDXKz01UuEd88Df+KzynaohSL9fBh096KWAxSKZQDI2uBrVqtvRM4rwrIrRRKsdLNML/lnaaVSRioA==",
          "requires": {
            "random-bytes": "1.0.0"
          }
        }
      }
    },
    "extend": {
      "version": "3.0.1",
      "resolved": "http://nexus.wdf.sap.corp:8081/nexus/repository/build.milestones.npm/extend/-/extend-3.0.1.tgz",
      "integrity": "sha1-p1Xqe8Gt/MWjHOfnYtuq3F5jZEQ="
    },
    "extsprintf": {
      "version": "1.3.0",
      "resolved": "http://nexus.wdf.sap.corp:8081/nexus/repository/build.milestones.npm/extsprintf/-/extsprintf-1.3.0.tgz",
      "integrity": "sha1-lpGEQOMEGnpBT4xS48V06zw+HgU="
    },
    "eyes": {
      "version": "0.1.8",
      "resolved": "http://nexus.wdf.sap.corp:8081/nexus/repository/build.milestones.npm/eyes/-/eyes-0.1.8.tgz",
      "integrity": "sha1-Ys8SAjTGg3hdkCNIqADvPgzCC8A="
    },
    "finalhandler": {
      "version": "1.0.3",
      "resolved": "http://nexus.wdf.sap.corp:8081/nexus/repository/build.milestones.npm/finalhandler/-/finalhandler-1.0.3.tgz",
      "integrity": "sha1-70fneVDpmXgOhgIqVg4yF+DQzIk=",
      "requires": {
        "debug": "2.6.7",
        "encodeurl": "1.0.1",
        "escape-html": "1.0.3",
        "on-finished": "2.3.0",
        "parseurl": "1.3.1",
        "statuses": "1.3.1",
        "unpipe": "1.0.0"
      }
    },
    "forever-agent": {
      "version": "0.6.1",
      "resolved": "http://nexus.wdf.sap.corp:8081/nexus/repository/build.milestones.npm/forever-agent/-/forever-agent-0.6.1.tgz",
      "integrity": "sha1-+8cfDEGt6zf5bFd60e1C2P2sypE="
    },
    "form-data": {
      "version": "2.1.4",
      "resolved": "http://nexus.wdf.sap.corp:8081/nexus/repository/build.milestones.npm/form-data/-/form-data-2.1.4.tgz",
      "integrity": "sha1-M8GDrPGTJ27KqYFDpp6Uv+4XUNE=",
      "requires": {
        "asynckit": "0.4.0",
        "combined-stream": "1.0.5",
        "mime-types": "2.1.16"
      }
    },
    "fresh": {
      "version": "0.5.0",
      "resolved": "http://nexus.wdf.sap.corp:8081/nexus/repository/build.milestones.npm/fresh/-/fresh-0.5.0.tgz",
      "integrity": "sha1-9HTKXmqSRtb9jglTz6m5yAWvp44="
    },
    "getpass": {
      "version": "0.1.7",
      "resolved": "http://nexus.wdf.sap.corp:8081/nexus/repository/build.milestones.npm/getpass/-/getpass-0.1.7.tgz",
      "integrity": "sha1-Xv+OPmhNVprkyysSgmBOi6YhSfo=",
      "requires": {
        "assert-plus": "1.0.0"
      }
    },
    "graceful-readlink": {
      "version": "1.0.1",
      "resolved": "http://nexus.wdf.sap.corp:8081/nexus/repository/build.milestones.npm/graceful-readlink/-/graceful-readlink-1.0.1.tgz",
      "integrity": "sha1-TK+tdrxi8C+gObL5Tpo906ORpyU="
    },
    "har-schema": {
      "version": "1.0.5",
      "resolved": "http://nexus.wdf.sap.corp:8081/nexus/repository/build.milestones.npm/har-schema/-/har-schema-1.0.5.tgz",
      "integrity": "sha1-0mMTX0MwfALGAq/I/pWXDAFRNp4="
    },
    "har-validator": {
      "version": "4.2.1",
      "resolved": "http://nexus.wdf.sap.corp:8081/nexus/repository/build.milestones.npm/har-validator/-/har-validator-4.2.1.tgz",
      "integrity": "sha1-M0gdDxu/9gDdID11gSpqX7oALio=",
      "requires": {
        "ajv": "4.11.8",
        "har-schema": "1.0.5"
      }
    },
    "hawk": {
      "version": "3.1.3",
      "resolved": "http://nexus.wdf.sap.corp:8081/nexus/repository/build.milestones.npm/hawk/-/hawk-3.1.3.tgz",
      "integrity": "sha1-B4REvXwWQLD+VA0sm3PVlnjo4cQ=",
      "requires": {
        "boom": "2.10.1",
        "cryptiles": "2.0.5",
        "hoek": "2.16.3",
        "sntp": "1.0.9"
      }
    },
    "hoek": {
      "version": "2.16.3",
      "resolved": "http://nexus.wdf.sap.corp:8081/nexus/repository/build.milestones.npm/hoek/-/hoek-2.16.3.tgz",
      "integrity": "sha1-ILt0A9POo5jpHcRxCo/xuCdKJe0="
    },
    "http-errors": {
      "version": "1.6.2",
      "resolved": "http://nexus.wdf.sap.corp:8081/nexus/repository/build.milestones.npm/http-errors/-/http-errors-1.6.2.tgz",
      "integrity": "sha1-CgAsyFcHGSp+eUbO7cERVfYOxzY=",
      "requires": {
        "depd": "1.1.1",
        "inherits": "2.0.3",
        "setprototypeof": "1.0.3",
        "statuses": "1.3.1"
      }
    },
    "http-headers": {
      "version": "3.0.1",
      "resolved": "http://nexus.wdf.sap.corp:8081/nexus/repository/build.milestones.npm/http-headers/-/http-headers-3.0.1.tgz",
      "integrity": "sha1-HLxpHEXN9tbB3GO/NoslBfVu+Dk=",
      "requires": {
        "next-line": "1.1.0"
      }
    },
    "http-proxy-agent": {
      "version": "1.0.0",
      "resolved": "http://nexus.wdf.sap.corp:8081/nexus/repository/build.milestones.npm/http-proxy-agent/-/http-proxy-agent-1.0.0.tgz",
      "integrity": "sha1-zBzjjkU7+YSg93AtLdWcc9CBKEo=",
      "requires": {
        "agent-base": "2.1.1",
        "debug": "2.6.7",
        "extend": "3.0.1"
      }
    },
    "http-signature": {
      "version": "1.1.1",
      "resolved": "http://nexus.wdf.sap.corp:8081/nexus/repository/build.milestones.npm/http-signature/-/http-signature-1.1.1.tgz",
      "integrity": "sha1-33LiZwZs0Kxn+3at+OE0qPvPkb8=",
      "requires": {
        "assert-plus": "0.2.0",
        "jsprim": "1.4.1",
        "sshpk": "1.13.1"
      },
      "dependencies": {
        "assert-plus": {
          "version": "0.2.0",
          "resolved": "http://nexus.wdf.sap.corp:8081/nexus/repository/build.milestones.npm/assert-plus/-/assert-plus-0.2.0.tgz",
          "integrity": "sha1-104bh+ev/A24qttwIfP+SBAasjQ="
        }
      }
    },
    "https-proxy-agent": {
      "version": "1.0.0",
      "resolved": "http://nexus.wdf.sap.corp:8081/nexus/repository/build.milestones.npm/https-proxy-agent/-/https-proxy-agent-1.0.0.tgz",
      "integrity": "sha1-NffabEjOTdv6JkiRrFk+5f+GceY=",
      "requires": {
        "agent-base": "2.1.1",
        "debug": "2.6.7",
        "extend": "3.0.1"
      }
    },
    "inherits": {
      "version": "2.0.3",
      "resolved": "http://nexus.wdf.sap.corp:8081/nexus/repository/build.milestones.npm/inherits/-/inherits-2.0.3.tgz",
      "integrity": "sha1-Yzwsg+PaQqUC9SRmAiSA9CCCYd4="
    },
    "is-typedarray": {
      "version": "1.0.0",
      "resolved": "http://nexus.wdf.sap.corp:8081/nexus/repository/build.milestones.npm/is-typedarray/-/is-typedarray-1.0.0.tgz",
      "integrity": "sha1-5HnICFjfDBsR3dppQPlgEfzaSpo="
    },
    "isstream": {
      "version": "0.1.2",
      "resolved": "http://nexus.wdf.sap.corp:8081/nexus/repository/build.milestones.npm/isstream/-/isstream-0.1.2.tgz",
      "integrity": "sha1-R+Y/evVa+m+S4VAOaQ64uFKcCZo="
    },
    "jsbn": {
      "version": "0.1.1",
      "resolved": "http://nexus.wdf.sap.corp:8081/nexus/repository/build.milestones.npm/jsbn/-/jsbn-0.1.1.tgz",
      "integrity": "sha1-peZUwuWi3rXyAdls77yoDA7y9RM=",
      "optional": true
    },
    "json-schema": {
      "version": "0.2.3",
      "resolved": "http://nexus.wdf.sap.corp:8081/nexus/repository/build.milestones.npm/json-schema/-/json-schema-0.2.3.tgz",
      "integrity": "sha1-tIDIkuWaLwWVTOcnvT8qTogvnhM="
    },
    "json-stable-stringify": {
      "version": "1.0.1",
      "resolved": "http://nexus.wdf.sap.corp:8081/nexus/repository/build.milestones.npm/json-stable-stringify/-/json-stable-stringify-1.0.1.tgz",
      "integrity": "sha1-mnWdOcXy/1A/1TAGRu1EX4jE+a8=",
      "requires": {
        "jsonify": "0.0.0"
      }
    },
    "json-stringify-safe": {
      "version": "5.0.1",
      "resolved": "http://nexus.wdf.sap.corp:8081/nexus/repository/build.milestones.npm/json-stringify-safe/-/json-stringify-safe-5.0.1.tgz",
      "integrity": "sha1-Epai1Y/UXxmg9s4B1lcB4sc1tus="
    },
    "jsonify": {
      "version": "0.0.0",
      "resolved": "http://nexus.wdf.sap.corp:8081/nexus/repository/build.milestones.npm/jsonify/-/jsonify-0.0.0.tgz",
      "integrity": "sha1-LHS27kHZPKUbe1qu6PUDYx0lKnM="
    },
    "jsprim": {
      "version": "1.4.1",
      "resolved": "http://nexus.wdf.sap.corp:8081/nexus/repository/build.milestones.npm/jsprim/-/jsprim-1.4.1.tgz",
      "integrity": "sha1-MT5mvB5cwG5Di8G3SZwuXFastqI=",
      "requires": {
        "assert-plus": "1.0.0",
        "extsprintf": "1.3.0",
        "json-schema": "0.2.3",
        "verror": "1.10.0"
      }
    },
    "jwt-decode": {
      "version": "2.0.1",
      "resolved": "http://nexus.wdf.sap.corp:8081/nexus/repository/build.milestones.npm/jwt-decode/-/jwt-decode-2.0.1.tgz",
      "integrity": "sha1-QJMMZeNMJxnqLz+656aqLyZN0dU="
    },
    "lodash": {
      "version": "4.17.4",
      "resolved": "http://nexus.wdf.sap.corp:8081/nexus/repository/build.milestones.npm/lodash/-/lodash-4.17.4.tgz",
      "integrity": "sha1-eCA6TRwyiuHYbcpkYONptX9AVa4="
    },
    "lru-cache": {
      "version": "4.0.0",
      "resolved": "http://nexus.wdf.sap.corp:8081/nexus/repository/build.milestones.npm/lru-cache/-/lru-cache-4.0.0.tgz",
      "integrity": "sha1-tcvwFVbBaWb+vlTO7A+03JDfbCg=",
      "requires": {
        "pseudomap": "1.0.2",
        "yallist": "2.1.2"
      }
    },
    "mime": {
      "version": "1.3.4",
      "resolved": "http://nexus.wdf.sap.corp:8081/nexus/repository/build.milestones.npm/mime/-/mime-1.3.4.tgz",
      "integrity": "sha1-EV+eO2s9rylZmDyzjxSaLUDrXVM="
    },
    "mime-db": {
      "version": "1.29.0",
      "resolved": "http://nexus.wdf.sap.corp:8081/nexus/repository/build.milestones.npm/mime-db/-/mime-db-1.29.0.tgz",
      "integrity": "sha1-SNJtI1WJZRcErFkWygYAGRQmaHg="
    },
    "mime-types": {
      "version": "2.1.16",
      "resolved": "http://nexus.wdf.sap.corp:8081/nexus/repository/build.milestones.npm/mime-types/-/mime-types-2.1.16.tgz",
      "integrity": "sha1-K4WKUuXs1RbbiXrCvodIeDBpjiM=",
      "requires": {
        "mime-db": "1.29.0"
      }
    },
    "moment": {
      "version": "2.15.2",
      "resolved": "http://nexus.wdf.sap.corp:8081/nexus/repository/build.milestones.npm/moment/-/moment-2.15.2.tgz",
      "integrity": "sha1-G/3t9qbjRfMi/pVtXfW9CKjOhNw="
    },
    "ms": {
      "version": "2.0.0",
      "resolved": "http://nexus.wdf.sap.corp:8081/nexus/repository/build.milestones.npm/ms/-/ms-2.0.0.tgz",
      "integrity": "sha1-VgiurfwAvmwpAd9fmGF4jeDVl8g="
    },
    "mustache": {
      "version": "2.2.1",
      "resolved": "http://nexus.wdf.sap.corp:8081/nexus/repository/build.milestones.npm/mustache/-/mustache-2.2.1.tgz",
      "integrity": "sha1-LEDKIcJ49TFQaCvPkJDkGjM5uHY="
    },
    "negotiator": {
      "version": "0.6.1",
      "resolved": "http://nexus.wdf.sap.corp:8081/nexus/repository/build.milestones.npm/negotiator/-/negotiator-0.6.1.tgz",
      "integrity": "sha1-KzJxhOiZIQEXeyhWP7XnECrNDKk="
    },
    "next-line": {
      "version": "1.1.0",
      "resolved": "http://nexus.wdf.sap.corp:8081/nexus/repository/build.milestones.npm/next-line/-/next-line-1.1.0.tgz",
      "integrity": "sha1-/K5XhTBStqm66CCOQN19PC0wRgM="
    },
    "oauth-sign": {
      "version": "0.8.2",
      "resolved": "http://nexus.wdf.sap.corp:8081/nexus/repository/build.milestones.npm/oauth-sign/-/oauth-sign-0.8.2.tgz",
      "integrity": "sha1-Rqarfwrq2N6unsBWV4C31O/rnUM="
    },
    "on-finished": {
      "version": "2.3.0",
      "resolved": "http://nexus.wdf.sap.corp:8081/nexus/repository/build.milestones.npm/on-finished/-/on-finished-2.3.0.tgz",
      "integrity": "sha1-IPEzZIGwg811M3mSoWlxqi2QaUc=",
      "requires": {
        "ee-first": "1.1.1"
      }
    },
    "on-headers": {
      "version": "1.0.1",
      "resolved": "http://nexus.wdf.sap.corp:8081/nexus/repository/build.milestones.npm/on-headers/-/on-headers-1.0.1.tgz",
      "integrity": "sha1-ko9dD0cNSTQmUepnlLCFfBAGk/c="
    },
    "once": {
      "version": "1.4.0",
      "resolved": "http://nexus.wdf.sap.corp:8081/nexus/repository/build.milestones.npm/once/-/once-1.4.0.tgz",
      "integrity": "sha1-WDsap3WWHUsROsF9nFC6753Xa9E=",
      "requires": {
        "wrappy": "1.0.2"
      }
    },
    "options": {
      "version": "0.0.6",
      "resolved": "http://nexus.wdf.sap.corp:8081/nexus/repository/build.milestones.npm/options/-/options-0.0.6.tgz",
      "integrity": "sha1-7CLTEoBrtT5zF3Pnza788cZDEo8="
    },
    "parseurl": {
      "version": "1.3.1",
      "resolved": "http://nexus.wdf.sap.corp:8081/nexus/repository/build.milestones.npm/parseurl/-/parseurl-1.3.1.tgz",
      "integrity": "sha1-yKuMkiO6NIiKpkopeyiFO+wY2lY="
    },
    "passport": {
      "version": "0.3.2",
      "resolved": "http://nexus.wdf.sap.corp:8081/nexus/repository/build.milestones.npm/passport/-/passport-0.3.2.tgz",
      "integrity": "sha1-ndAJ+RXo/glbASSgG4+C2gdRAQI=",
      "requires": {
        "passport-strategy": "1.0.0",
        "pause": "0.0.1"
      }
    },
    "passport-strategy": {
      "version": "1.0.0",
      "resolved": "http://nexus.wdf.sap.corp:8081/nexus/repository/build.milestones.npm/passport-strategy/-/passport-strategy-1.0.0.tgz",
      "integrity": "sha1-tVOaqPwiWj0a0XlHbd8ja0QPUuQ="
    },
    "pause": {
      "version": "0.0.1",
      "resolved": "http://nexus.wdf.sap.corp:8081/nexus/repository/build.milestones.npm/pause/-/pause-0.0.1.tgz",
      "integrity": "sha1-HUCLP9t2kjuVQ9lvtMnf1TXZy10="
    },
    "performance-now": {
      "version": "0.2.0",
      "resolved": "http://nexus.wdf.sap.corp:8081/nexus/repository/build.milestones.npm/performance-now/-/performance-now-0.2.0.tgz",
      "integrity": "sha1-M+8wxcd9TqIcWlOGnZG1bY8lVeU="
    },
    "pkginfo": {
      "version": "0.3.1",
      "resolved": "http://nexus.wdf.sap.corp:8081/nexus/repository/build.milestones.npm/pkginfo/-/pkginfo-0.3.1.tgz",
      "integrity": "sha1-Wyn2qB9wcXFC4J52W76rl7T4HiE="
    },
    "pseudomap": {
      "version": "1.0.2",
      "resolved": "http://nexus.wdf.sap.corp:8081/nexus/repository/build.milestones.npm/pseudomap/-/pseudomap-1.0.2.tgz",
      "integrity": "sha1-8FKijacOYYkX7wqKw0wa5aaChrM="
    },
    "qs": {
      "version": "6.4.0",
      "resolved": "http://nexus.wdf.sap.corp:8081/nexus/repository/build.milestones.npm/qs/-/qs-6.4.0.tgz",
      "integrity": "sha1-E+JtKK1rD/qpExLNO/cI7TUecjM="
    },
    "random-bytes": {
      "version": "1.0.0",
      "resolved": "http://nexus.wdf.sap.corp:8081/nexus/repository/build.milestones.npm/random-bytes/-/random-bytes-1.0.0.tgz",
      "integrity": "sha1-T2ih3Arli9P7lYSMMDJNt11kNgs="
    },
    "range-parser": {
      "version": "1.2.0",
      "resolved": "http://nexus.wdf.sap.corp:8081/nexus/repository/build.milestones.npm/range-parser/-/range-parser-1.2.0.tgz",
      "integrity": "sha1-9JvmtIeJTdxA3MlKMi9hEJLgDV4="
    },
    "request": {
      "version": "2.81.0",
      "resolved": "http://nexus.wdf.sap.corp:8081/nexus/repository/build.milestones.npm/request/-/request-2.81.0.tgz",
      "integrity": "sha1-xpKJRqDgbF+Nb4qTM0af/aRimKA=",
      "requires": {
        "aws-sign2": "0.6.0",
        "aws4": "1.6.0",
        "caseless": "0.12.0",
        "combined-stream": "1.0.5",
        "extend": "3.0.1",
        "forever-agent": "0.6.1",
        "form-data": "2.1.4",
        "har-validator": "4.2.1",
        "hawk": "3.1.3",
        "http-signature": "1.1.1",
        "is-typedarray": "1.0.0",
        "isstream": "0.1.2",
        "json-stringify-safe": "5.0.1",
        "mime-types": "2.1.16",
        "oauth-sign": "0.8.2",
        "performance-now": "0.2.0",
        "qs": "6.4.0",
        "safe-buffer": "5.1.1",
        "stringstream": "0.0.5",
        "tough-cookie": "2.3.1",
        "tunnel-agent": "0.6.0",
        "uuid": "3.1.0"
      }
    },
    "request-stats": {
      "version": "2.0.1",
      "resolved": "http://nexus.wdf.sap.corp:8081/nexus/repository/build.milestones.npm/request-stats/-/request-stats-2.0.1.tgz",
      "integrity": "sha1-7ZpjgVZq9rvWD+LVz69G+RK4sD4=",
      "requires": {
        "http-headers": "3.0.1",
        "once": "1.4.0"
      }
    },
    "ret": {
      "version": "0.1.15",
      "resolved": "http://nexus.wdf.sap.corp:8081/nexus/repository/build.milestones.npm/ret/-/ret-0.1.15.tgz",
      "integrity": "sha512-TTlYpa+OL+vMMNG24xSlQGEJ3B/RzEfUlLct7b5G/ytav+wPrplCpVMFuwzXbkecJrb6IYo1iFb0S9v37754mg=="
    },
    "safe-buffer": {
      "version": "5.1.1",
      "resolved": "http://nexus.wdf.sap.corp:8081/nexus/repository/build.milestones.npm/safe-buffer/-/safe-buffer-5.1.1.tgz",
      "integrity": "sha512-kKvNJn6Mm93gAczWVJg7wH+wGYWNrDHdWvpUmHyEsgCtIwwo3bqPtV4tR5tuPaUhTOo/kvhVwd8XwwOllGYkbg=="
    },
    "safe-regex": {
      "version": "1.1.0",
      "resolved": "http://nexus.wdf.sap.corp:8081/nexus/repository/build.milestones.npm/safe-regex/-/safe-regex-1.1.0.tgz",
      "integrity": "sha1-QKNmnzsHfR6UPURinhV91IAjvy4=",
      "requires": {
        "ret": "0.1.15"
      }
    },
    "scmp": {
      "version": "1.0.0",
      "resolved": "http://nexus.wdf.sap.corp:8081/nexus/repository/build.milestones.npm/scmp/-/scmp-1.0.0.tgz",
      "integrity": "sha1-oLJyw/xykvdxFWRvAGGLAmJRTgQ="
    },
    "semver": {
      "version": "5.0.3",
      "resolved": "http://nexus.wdf.sap.corp:8081/nexus/repository/build.milestones.npm/semver/-/semver-5.0.3.tgz",
      "integrity": "sha1-d0Zt5YnNXTyV8TiqeLxWmjy10no="
    },
    "send": {
      "version": "0.15.3",
      "resolved": "http://nexus.wdf.sap.corp:8081/nexus/repository/build.milestones.npm/send/-/send-0.15.3.tgz",
      "integrity": "sha1-UBP5+ZAj31DRvZiSwZ4979HVMwk=",
      "requires": {
        "debug": "2.6.7",
        "depd": "1.1.1",
        "destroy": "1.0.4",
        "encodeurl": "1.0.1",
        "escape-html": "1.0.3",
        "etag": "1.8.0",
        "fresh": "0.5.0",
        "http-errors": "1.6.2",
        "mime": "1.3.4",
        "ms": "2.0.0",
        "on-finished": "2.3.0",
        "range-parser": "1.2.0",
        "statuses": "1.3.1"
      }
    },
    "serve-static": {
      "version": "1.12.3",
      "resolved": "http://nexus.wdf.sap.corp:8081/nexus/repository/build.milestones.npm/serve-static/-/serve-static-1.12.3.tgz",
      "integrity": "sha1-n0uhni8wMMVH+K+ZEHg47DjVseI=",
      "requires": {
        "encodeurl": "1.0.1",
        "escape-html": "1.0.3",
        "parseurl": "1.3.1",
        "send": "0.15.3"
      }
    },
    "setprototypeof": {
      "version": "1.0.3",
      "resolved": "http://nexus.wdf.sap.corp:8081/nexus/repository/build.milestones.npm/setprototypeof/-/setprototypeof-1.0.3.tgz",
      "integrity": "sha1-ZlZ+NwQ+608E2RvWWMDL77VbjgQ="
    },
    "sntp": {
      "version": "1.0.9",
      "resolved": "http://nexus.wdf.sap.corp:8081/nexus/repository/build.milestones.npm/sntp/-/sntp-1.0.9.tgz",
      "integrity": "sha1-ZUEYTMkK7qbG57NeJlkIJEPGYZg=",
      "requires": {
        "hoek": "2.16.3"
      }
    },
    "sshpk": {
      "version": "1.13.1",
      "resolved": "http://nexus.wdf.sap.corp:8081/nexus/repository/build.milestones.npm/sshpk/-/sshpk-1.13.1.tgz",
      "integrity": "sha1-US322mKHFEMW3EwY/hzx2UBzm+M=",
      "requires": {
        "asn1": "0.2.3",
        "assert-plus": "1.0.0",
        "bcrypt-pbkdf": "1.0.1",
        "dashdash": "1.14.1",
        "ecc-jsbn": "0.1.1",
        "getpass": "0.1.7",
        "jsbn": "0.1.1",
        "tweetnacl": "0.14.5"
      }
    },
    "stack-trace": {
      "version": "0.0.10",
      "resolved": "http://nexus.wdf.sap.corp:8081/nexus/repository/build.milestones.npm/stack-trace/-/stack-trace-0.0.10.tgz",
      "integrity": "sha1-VHxws0fo0ytOEI6hoqFZ5f3eGcA="
    },
    "statuses": {
      "version": "1.3.1",
      "resolved": "http://nexus.wdf.sap.corp:8081/nexus/repository/build.milestones.npm/statuses/-/statuses-1.3.1.tgz",
      "integrity": "sha1-+vUbnrdKrvOzrPStX2Gr8ky3uT4="
    },
    "stringstream": {
      "version": "0.0.5",
      "resolved": "http://nexus.wdf.sap.corp:8081/nexus/repository/build.milestones.npm/stringstream/-/stringstream-0.0.5.tgz",
      "integrity": "sha1-TkhM1N5aC7vuGORjB3EKioFiGHg="
    },
    "tough-cookie": {
      "version": "2.3.1",
      "resolved": "http://nexus.wdf.sap.corp:8081/nexus/repository/build.milestones.npm/tough-cookie/-/tough-cookie-2.3.1.tgz",
      "integrity": "sha1-mcd9+7fYBCSeiimdTLD9gf7wg/0="
    },
    "tunnel-agent": {
      "version": "0.6.0",
      "resolved": "http://nexus.wdf.sap.corp:8081/nexus/repository/build.milestones.npm/tunnel-agent/-/tunnel-agent-0.6.0.tgz",
      "integrity": "sha1-J6XeoGs2sEoKmWZ3SykIaPD8QP0=",
      "requires": {
        "safe-buffer": "5.1.1"
      }
    },
    "tv4": {
      "version": "1.2.7",
      "resolved": "http://nexus.wdf.sap.corp:8081/nexus/repository/build.milestones.npm/tv4/-/tv4-1.2.7.tgz",
      "integrity": "sha1-vSk4mvxzreSa5fSBQrXVRL9o0SA="
    },
    "tweetnacl": {
      "version": "0.14.5",
      "resolved": "http://nexus.wdf.sap.corp:8081/nexus/repository/build.milestones.npm/tweetnacl/-/tweetnacl-0.14.5.tgz",
      "integrity": "sha1-WuaBd/GS1EViadEIr6k/+HQ/T2Q=",
      "optional": true
    },
    "uid-safe": {
      "version": "2.0.0",
      "resolved": "http://nexus.wdf.sap.corp:8081/nexus/repository/build.milestones.npm/uid-safe/-/uid-safe-2.0.0.tgz",
      "integrity": "sha1-p/PGymSh9qXQTsDvPkw9U2cxcTc=",
      "requires": {
        "base64-url": "1.2.1"
      }
    },
    "ultron": {
      "version": "1.0.2",
      "resolved": "http://nexus.wdf.sap.corp:8081/nexus/repository/build.milestones.npm/ultron/-/ultron-1.0.2.tgz",
      "integrity": "sha1-rOEWq1V80Zc4ak6I9GhTeMiy5Po="
    },
    "unpipe": {
      "version": "1.0.0",
      "resolved": "http://nexus.wdf.sap.corp:8081/nexus/repository/build.milestones.npm/unpipe/-/unpipe-1.0.0.tgz",
      "integrity": "sha1-sr9O6FFKrmFltIF4KdIbLvSZBOw="
    },
    "urijs": {
      "version": "1.16.1",
      "resolved": "http://nexus.wdf.sap.corp:8081/nexus/repository/build.milestones.npm/urijs/-/urijs-1.16.1.tgz",
      "integrity": "sha1-hZrTGJD1+VKHJ76J8ZMslPtHMeI="
    },
    "utils-merge": {
      "version": "1.0.0",
      "resolved": "http://nexus.wdf.sap.corp:8081/nexus/repository/build.milestones.npm/utils-merge/-/utils-merge-1.0.0.tgz",
      "integrity": "sha1-ApT7kiu5N1FTVBxPcJYjHyh8ivg="
    },
    "uuid": {
      "version": "3.1.0",
      "resolved": "http://nexus.wdf.sap.corp:8081/nexus/repository/build.milestones.npm/uuid/-/uuid-3.1.0.tgz",
      "integrity": "sha512-DIWtzUkw04M4k3bf1IcpS2tngXEL26YUD2M0tMDUpnUrz2hgzUBlD55a4FjdLGPvfHxS6uluGWvaVEqgBcVa+g=="
    },
    "vary": {
      "version": "1.1.1",
      "resolved": "http://nexus.wdf.sap.corp:8081/nexus/repository/build.milestones.npm/vary/-/vary-1.1.1.tgz",
      "integrity": "sha1-Z1Neu2lMHVIldFeYRmUyP1h+jTc="
    },
    "verror": {
      "version": "1.10.0",
      "resolved": "http://nexus.wdf.sap.corp:8081/nexus/repository/build.milestones.npm/verror/-/verror-1.10.0.tgz",
      "integrity": "sha1-OhBcoXBTr1XW4nDB+CiGguGNpAA=",
      "requires": {
        "assert-plus": "1.0.0",
        "core-util-is": "1.0.2",
        "extsprintf": "1.3.0"
      }
    },
    "winston": {
      "version": "1.1.2",
      "resolved": "http://nexus.wdf.sap.corp:8081/nexus/repository/build.milestones.npm/winston/-/winston-1.1.2.tgz",
      "integrity": "sha1-aO3Xaf951PlSjPDl2AAhqt5nSAw=",
      "requires": {
        "async": "1.0.0",
        "colors": "1.0.3",
        "cycle": "1.0.3",
        "eyes": "0.1.8",
        "isstream": "0.1.2",
        "pkginfo": "0.3.1",
        "stack-trace": "0.0.10"
      },
      "dependencies": {
        "async": {
          "version": "1.0.0",
          "resolved": "http://nexus.wdf.sap.corp:8081/nexus/repository/build.milestones.npm/async/-/async-1.0.0.tgz",
          "integrity": "sha1-+PwEyjoTeErenhZBr5hXjPvWR6k="
        }
      }
    },
    "wrappy": {
      "version": "1.0.2",
      "resolved": "http://nexus.wdf.sap.corp:8081/nexus/repository/build.milestones.npm/wrappy/-/wrappy-1.0.2.tgz",
      "integrity": "sha1-tSQ9jz7BqjXxNkYFvA0QNuMKtp8="
    },
    "ws": {
      "version": "1.1.4",
      "resolved": "http://nexus.wdf.sap.corp:8081/nexus/repository/build.milestones.npm/ws/-/ws-1.1.4.tgz",
      "integrity": "sha1-V/QNA2gy5fUFVmKjl8Tedu1mv2E=",
      "requires": {
        "options": "0.0.6",
        "ultron": "1.0.2"
      }
    },
    "yallist": {
      "version": "2.1.2",
      "resolved": "http://nexus.wdf.sap.corp:8081/nexus/repository/build.milestones.npm/yallist/-/yallist-2.1.2.tgz",
      "integrity": "sha1-HBH5IY8HYImkfdUS+TxmmaaoHVI="
    }
  }
}
